// !$*UTF8*$!
{
	archiveVersion = 1;
	classes = {
	};
	objectVersion = 46;
	objects = {

/* Begin PBXBuildFile section */
		B827C9851D24C60D00633C71 /* AppDelegate.swift in Sources */ = {isa = PBXBuildFile; fileRef = B827C9841D24C60D00633C71 /* AppDelegate.swift */; };
		B827C9871D24C60D00633C71 /* ViewController.swift in Sources */ = {isa = PBXBuildFile; fileRef = B827C9861D24C60D00633C71 /* ViewController.swift */; };
		B827C98A1D24C60D00633C71 /* Main.storyboard in Resources */ = {isa = PBXBuildFile; fileRef = B827C9881D24C60D00633C71 /* Main.storyboard */; };
		B827C98D1D24C60D00633C71 /* pokedex_vesrion2.xcdatamodeld in Sources */ = {isa = PBXBuildFile; fileRef = B827C98B1D24C60D00633C71 /* pokedex_vesrion2.xcdatamodeld */; };
		B827C98F1D24C60D00633C71 /* Assets.xcassets in Resources */ = {isa = PBXBuildFile; fileRef = B827C98E1D24C60D00633C71 /* Assets.xcassets */; };
		B827C9921D24C60D00633C71 /* LaunchScreen.storyboard in Resources */ = {isa = PBXBuildFile; fileRef = B827C9901D24C60D00633C71 /* LaunchScreen.storyboard */; };
		B827C99A1D24C75B00633C71 /* pokemon.csv in Resources */ = {isa = PBXBuildFile; fileRef = B827C9991D24C75B00633C71 /* pokemon.csv */; };
/* End PBXBuildFile section */

/* Begin PBXFileReference section */
		B827C9811D24C60D00633C71 /* pokedex-vesrion2.app */ = {isa = PBXFileReference; explicitFileType = wrapper.application; includeInIndex = 0; path = "pokedex-vesrion2.app"; sourceTree = BUILT_PRODUCTS_DIR; };
		B827C9841D24C60D00633C71 /* AppDelegate.swift */ = {isa = PBXFileReference; lastKnownFileType = sourcecode.swift; path = AppDelegate.swift; sourceTree = "<group>"; };
		B827C9861D24C60D00633C71 /* ViewController.swift */ = {isa = PBXFileReference; lastKnownFileType = sourcecode.swift; path = ViewController.swift; sourceTree = "<group>"; };
		B827C9891D24C60D00633C71 /* Base */ = {isa = PBXFileReference; lastKnownFileType = file.storyboard; name = Base; path = Base.lproj/Main.storyboard; sourceTree = "<group>"; };
		B827C98C1D24C60D00633C71 /* pokedex_vesrion2.xcdatamodel */ = {isa = PBXFileReference; lastKnownFileType = wrapper.xcdatamodel; path = pokedex_vesrion2.xcdatamodel; sourceTree = "<group>"; };
		B827C98E1D24C60D00633C71 /* Assets.xcassets */ = {isa = PBXFileReference; lastKnownFileType = folder.assetcatalog; path = Assets.xcassets; sourceTree = "<group>"; };
		B827C9911D24C60D00633C71 /* Base */ = {isa = PBXFileReference; lastKnownFileType = file.storyboard; name = Base; path = Base.lproj/LaunchScreen.storyboard; sourceTree = "<group>"; };
		B827C9931D24C60D00633C71 /* Info.plist */ = {isa = PBXFileReference; lastKnownFileType = text.plist.xml; path = Info.plist; sourceTree = "<group>"; };
		B827C9991D24C75B00633C71 /* pokemon.csv */ = {isa = PBXFileReference; fileEncoding = 4; lastKnownFileType = text; path = pokemon.csv; sourceTree = "<group>"; };
/* End PBXFileReference section */

/* Begin PBXFrameworksBuildPhase section */
		B827C97E1D24C60D00633C71 /* Frameworks */ = {
			isa = PBXFrameworksBuildPhase;
			buildActionMask = 2147483647;
			files = (
			);
			runOnlyForDeploymentPostprocessing = 0;
		};
/* End PBXFrameworksBuildPhase section */

/* Begin PBXGroup section */
		B827C9781D24C60D00633C71 = {
			isa = PBXGroup;
			children = (
				B827C9831D24C60D00633C71 /* pokedex-vesrion2 */,
				B827C9821D24C60D00633C71 /* Products */,
			);
			sourceTree = "<group>";
		};
		B827C9821D24C60D00633C71 /* Products */ = {
			isa = PBXGroup;
			children = (
				B827C9811D24C60D00633C71 /* pokedex-vesrion2.app */,
			);
			name = Products;
			sourceTree = "<group>";
		};
		B827C9831D24C60D00633C71 /* pokedex-vesrion2 */ = {
			isa = PBXGroup;
			children = (
				B827C9841D24C60D00633C71 /* AppDelegate.swift */,
				B827C9861D24C60D00633C71 /* ViewController.swift */,
				B827C9881D24C60D00633C71 /* Main.storyboard */,
				B827C9991D24C75B00633C71 /* pokemon.csv */,
				B827C98E1D24C60D00633C71 /* Assets.xcassets */,
				B827C9901D24C60D00633C71 /* LaunchScreen.storyboard */,
				B827C9931D24C60D00633C71 /* Info.plist */,
				B827C98B1D24C60D00633C71 /* pokedex_vesrion2.xcdatamodeld */,
			);
			path = "pokedex-vesrion2";
			sourceTree = "<group>";
		};
/* End PBXGroup section */

/* Begin PBXNativeTarget section */
		B827C9801D24C60D00633C71 /* pokedex-vesrion2 */ = {
			isa = PBXNativeTarget;
			buildConfigurationList = B827C9961D24C60D00633C71 /* Build configuration list for PBXNativeTarget "pokedex-vesrion2" */;
			buildPhases = (
				B827C97D1D24C60D00633C71 /* Sources */,
				B827C97E1D24C60D00633C71 /* Frameworks */,
				B827C97F1D24C60D00633C71 /* Resources */,
			);
			buildRules = (
			);
			dependencies = (
			);
			name = "pokedex-vesrion2";
			productName = "pokedex-vesrion2";
			productReference = B827C9811D24C60D00633C71 /* pokedex-vesrion2.app */;
			productType = "com.apple.product-type.application";
		};
/* End PBXNativeTarget section */

/* Begin PBXProject section */
		B827C9791D24C60D00633C71 /* Project object */ = {
			isa = PBXProject;
			attributes = {
				LastSwiftUpdateCheck = 0720;
				LastUpgradeCheck = 0720;
				ORGANIZATIONNAME = "Chamikara Dharmasena";
				TargetAttributes = {
					B827C9801D24C60D00633C71 = {
						CreatedOnToolsVersion = 7.2;
					};
				};
			};
			buildConfigurationList = B827C97C1D24C60D00633C71 /* Build configuration list for PBXProject "pokedex-vesrion2" */;
			compatibilityVersion = "Xcode 3.2";
			developmentRegion = English;
			hasScannedForEncodings = 0;
			knownRegions = (
				en,
				Base,
			);
			mainGroup = B827C9781D24C60D00633C71;
			productRefGroup = B827C9821D24C60D00633C71 /* Products */;
			projectDirPath = "";
			projectRoot = "";
			targets = (
				B827C9801D24C60D00633C71 /* pokedex-vesrion2 */,
			);
		};
/* End PBXProject section */

/* Begin PBXResourcesBuildPhase section */
		B827C97F1D24C60D00633C71 /* Resources */ = {
			isa = PBXResourcesBuildPhase;
			buildActionMask = 2147483647;
			files = (
				B827C9921D24C60D00633C71 /* LaunchScreen.storyboard in Resources */,
				B827C98F1D24C60D00633C71 /* Assets.xcassets in Resources */,
				B827C99A1D24C75B00633C71 /* pokemon.csv in Resources */,
				B827C98A1D24C60D00633C71 /* Main.storyboard in Resources */,
			);
			runOnlyForDeploymentPostprocessing = 0;
		};
/* End PBXResourcesBuildPhase section */

/* Begin PBXSourcesBuildPhase section */
		B827C97D1D24C60D00633C71 /* Sources */ = {
			isa = PBXSourcesBuildPhase;
			buildActionMask = 2147483647;
			files = (
				B827C9871D24C60D00633C71 /* ViewController.swift in Sources */,
				B827C98D1D24C60D00633C71 /* pokedex_vesrion2.xcdatamodeld in Sources */,
				B827C9851D24C60D00633C71 /* AppDelegate.swift in Sources */,
			);
			runOnlyForDeploymentPostprocessing = 0;
		};
/* End PBXSourcesBuildPhase section */

/* Begin PBXVariantGroup section */
		B827C9881D24C60D00633C71 /* Main.storyboard */ = {
			isa = PBXVariantGroup;
			children = (
				B827C9891D24C60D00633C71 /* Base */,
			);
			name = Main.storyboard;
			sourceTree = "<group>";
		};
		B827C9901D24C60D00633C71 /* LaunchScreen.storyboard */ = {
			isa = PBXVariantGroup;
			children = (
				B827C9911D24C60D00633C71 /* Base */,
			);
			name = LaunchScreen.storyboard;
			sourceTree = "<group>";
		};
/* End PBXVariantGroup section */

/* Begin XCBuildConfiguration section */
		B827C9941D24C60D00633C71 /* Debug */ = {
			isa = XCBuildConfiguration;
			buildSettings = {
				ALWAYS_SEARCH_USER_PATHS = NO;
				CLANG_CXX_LANGUAGE_STANDARD = "gnu++0x";
				CLANG_CXX_LIBRARY = "libc++";
				CLANG_ENABLE_MODULES = YES;
				CLANG_ENABLE_OBJC_ARC = YES;
				CLANG_WARN_BOOL_CONVERSION = YES;
				CLANG_WARN_CONSTANT_CONVERSION = YES;
				CLANG_WARN_DIRECT_OBJC_ISA_USAGE = YES_ERROR;
				CLANG_WARN_EMPTY_BODY = YES;
				CLANG_WARN_ENUM_CONVERSION = YES;
				CLANG_WARN_INT_CONVERSION = YES;
				CLANG_WARN_OBJC_ROOT_CLASS = YES_ERROR;
				CLANG_WARN_UNREACHABLE_CODE = YES;
				CLANG_WARN__DUPLICATE_METHOD_MATCH = YES;
				"CODE_SIGN_IDENTITY[sdk=iphoneos*]" = "iPhone Developer";
				COPY_PHASE_STRIP = NO;
				DEBUG_INFORMATION_FORMAT = dwarf;
				ENABLE_STRICT_OBJC_MSGSEND = YES;
				ENABLE_TESTABILITY = YES;
				GCC_C_LANGUAGE_STANDARD = gnu99;
				GCC_DYNAMIC_NO_PIC = NO;
				GCC_NO_COMMON_BLOCKS = YES;
				GCC_OPTIMIZATION_LEVEL = 0;
				GCC_PREPROCESSOR_DEFINITIONS = (
					"DEBUG=1",
					"$(inherited)",
				);
				GCC_WARN_64_TO_32_BIT_CONVERSION = YES;
				GCC_WARN_ABOUT_RETURN_TYPE = YES_ERROR;
				GCC_WARN_UNDECLARED_SELECTOR = YES;
				GCC_WARN_UNINITIALIZED_AUTOS = YES_AGGRESSIVE;
				GCC_WARN_UNUSED_FUNCTION = YES;
				GCC_WARN_UNUSED_VARIABLE = YES;
				IPHONEOS_DEPLOYMENT_TARGET = 9.2;
				MTL_ENABLE_DEBUG_INFO = YES;
				ONLY_ACTIVE_ARCH = YES;
				SDKROOT = iphoneos;
				SWIFT_OPTIMIZATION_LEVEL = "-Onone";
				TARGETED_DEVICE_FAMILY = "1,2";
			};
			name = Debug;
		};
		B827C9951D24C60D00633C71 /* Release */ = {
			isa = XCBuildConfiguration;
			buildSettings = {
				ALWAYS_SEARCH_USER_PATHS = NO;
				CLANG_CXX_LANGUAGE_STANDARD = "gnu++0x";
				CLANG_CXX_LIBRARY = "libc++";
				CLANG_ENABLE_MODULES = YES;
				CLANG_ENABLE_OBJC_ARC = YES;
				CLANG_WARN_BOOL_CONVERSION = YES;
				CLANG_WARN_CONSTANT_CONVERSION = YES;
				CLANG_WARN_DIRECT_OBJC_ISA_USAGE = YES_ERROR;
				CLANG_WARN_EMPTY_BODY = YES;
				CLANG_WARN_ENUM_CONVERSION = YES;
				CLANG_WARN_INT_CONVERSION = YES;
				CLANG_WARN_OBJC_ROOT_CLASS = YES_ERROR;
				CLANG_WARN_UNREACHABLE_CODE = YES;
				CLANG_WARN__DUPLICATE_METHOD_MATCH = YES;
				"CODE_SIGN_IDENTITY[sdk=iphoneos*]" = "iPhone Developer";
				COPY_PHASE_STRIP = NO;
				DEBUG_INFORMATION_FORMAT = "dwarf-with-dsym";
				ENABLE_NS_ASSERTIONS = NO;
				ENABLE_STRICT_OBJC_MSGSEND = YES;
				GCC_C_LANGUAGE_STANDARD = gnu99;
				GCC_NO_COMMON_BLOCKS = YES;
				GCC_WARN_64_TO_32_BIT_CONVERSION = YES;
				GCC_WARN_ABOUT_RETURN_TYPE = YES_ERROR;
				GCC_WARN_UNDECLARED_SELECTOR = YES;
				GCC_WARN_UNINITIALIZED_AUTOS = YES_AGGRESSIVE;
				GCC_WARN_UNUSED_FUNCTION = YES;
				GCC_WARN_UNUSED_VARIABLE = YES;
				IPHONEOS_DEPLOYMENT_TARGET = 9.2;
				MTL_ENABLE_DEBUG_INFO = NO;
				SDKROOT = iphoneos;
				TARGETED_DEVICE_FAMILY = "1,2";
				VALIDATE_PRODUCT = YES;
			};
			name = Release;
		};
		B827C9971D24C60D00633C71 /* Debug */ = {
			isa = XCBuildConfiguration;
			buildSettings = {
				ASSETCATALOG_COMPILER_APPICON_NAME = AppIcon;
				INFOPLIST_FILE = "pokedex-vesrion2/Info.plist";
				LD_RUNPATH_SEARCH_PATHS = "$(inherited) @executable_path/Frameworks";
				PRODUCT_BUNDLE_IDENTIFIER = "com.chamikaDevs.pokedex-vesrion2";
				PRODUCT_NAME = "$(TARGET_NAME)";
			};
			name = Debug;
		};
		B827C9981D24C60D00633C71 /* Release */ = {
			isa = XCBuildConfiguration;
			buildSettings = {
				ASSETCATALOG_COMPILER_APPICON_NAME = AppIcon;
				INFOPLIST_FILE = "pokedex-vesrion2/Info.plist";
				LD_RUNPATH_SEARCH_PATHS = "$(inherited) @executable_path/Frameworks";
				PRODUCT_BUNDLE_IDENTIFIER = "com.chamikaDevs.pokedex-vesrion2";
				PRODUCT_NAME = "$(TARGET_NAME)";
			};
			name = Release;
		};
/* End XCBuildConfiguration section */

/* Begin XCConfigurationList section */
		B827C97C1D24C60D00633C71 /* Build configuration list for PBXProject "pokedex-vesrion2" */ = {
			isa = XCConfigurationList;
			buildConfigurations = (
				B827C9941D24C60D00633C71 /* Debug */,
				B827C9951D24C60D00633C71 /* Release */,
			);
			defaultConfigurationIsVisible = 0;
			defaultConfigurationName = Release;
		};
		B827C9961D24C60D00633C71 /* Build configuration list for PBXNativeTarget "pokedex-vesrion2" */ = {
			isa = XCConfigurationList;
			buildConfigurations = (
				B827C9971D24C60D00633C71 /* Debug */,
				B827C9981D24C60D00633C71 /* Release */,
			);
			defaultConfigurationIsVisible = 0;
		};
/* End XCConfigurationList section */

/* Begin XCVersionGroup section */
		B827C98B1D24C60D00633C71 /* pokedex_vesrion2.xcdatamodeld */ = {
			isa = XCVersionGroup;
			children = (
				B827C98C1D24C60D00633C71 /* pokedex_vesrion2.xcdatamodel */,
			);
			currentVersion = B827C98C1D24C60D00633C71 /* pokedex_vesrion2.xcdatamodel */;
			path = pokedex_vesrion2.xcdatamodeld;
			sourceTree = "<group>";
			versionGroupType = wrapper.xcdatamodel;
		};
/* End XCVersionGroup section */
	};
	rootObject = B827C9791D24C60D00633C71 /* Project object */;
}
